
Microsoft Visual Studio Solution File, Format Version 12.00
# Visual Studio Version 17
VisualStudioVersion = 17.5.33516.290
MinimumVisualStudioVersion = 10.0.40219.1
Project("{FAE04EC0-301F-11D3-BF4B-00C04F79EFBC}") = "Lab12_Multiplataforma.Android", "Lab12_Multiplataforma\Lab12_Multiplataforma.Android\Lab12_Multiplataforma.Android.csproj", "{09A13105-09EB-48DD-B0E8-F8F7A3E4957B}"
EndProject
Project("{FAE04EC0-301F-11D3-BF4B-00C04F79EFBC}") = "Lab12_Multiplataforma.iOS", "Lab12_Multiplataforma\Lab12_Multiplataforma.iOS\Lab12_Multiplataforma.iOS.csproj", "{320DEFF5-124E-4385-95EB-2757E6D72867}"
EndProject
Project("{FAE04EC0-301F-11D3-BF4B-00C04F79EFBC}") = "Lab12_Multiplataforma", "Lab12_Multiplataforma\Lab12_Multiplataforma\Lab12_Multiplataforma.csproj", "{24E248EF-D433-45EB-9170-36038346C9F2}"
EndProject
Global
	GlobalSection(SolutionConfigurationPlatforms) = preSolution
		Debug|Any CPU = Debug|Any CPU
		Debug|iPhone = Debug|iPhone
		Debug|iPhoneSimulator = Debug|iPhoneSimulator
		Release|Any CPU = Release|Any CPU
		Release|iPhone = Release|iPhone
		Release|iPhoneSimulator = Release|iPhoneSimulator
	EndGlobalSection
	GlobalSection(ProjectConfigurationPlatforms) = postSolution
		{09A13105-09EB-48DD-B0E8-F8F7A3E4957B}.Debug|Any CPU.ActiveCfg = Debug|Any CPU
		{09A13105-09EB-48DD-B0E8-F8F7A3E4957B}.Debug|Any CPU.Build.0 = Debug|Any CPU
		{09A13105-09EB-48DD-B0E8-F8F7A3E4957B}.Debug|Any CPU.Deploy.0 = Debug|Any CPU
		{09A13105-09EB-48DD-B0E8-F8F7A3E4957B}.Debug|iPhone.ActiveCfg = Debug|Any CPU
		{09A13105-09EB-48DD-B0E8-F8F7A3E4957B}.Debug|iPhone.Build.0 = Debug|Any CPU
		{09A13105-09EB-48DD-B0E8-F8F7A3E4957B}.Debug|iPhone.Deploy.0 = Debug|Any CPU
		{09A13105-09EB-48DD-B0E8-F8F7A3E4957B}.Debug|iPhoneSimulator.ActiveCfg = Debug|Any CPU
		{09A13105-09EB-48DD-B0E8-F8F7A3E4957B}.Debug|iPhoneSimulator.Build.0 = Debug|Any CPU
		{09A13105-09EB-48DD-B0E8-F8F7A3E4957B}.Debug|iPhoneSimulator.Deploy.0 = Debug|Any CPU
		{09A13105-09EB-48DD-B0E8-F8F7A3E4957B}.Release|Any CPU.ActiveCfg = Release|Any CPU
		{09A13105-09EB-48DD-B0E8-F8F7A3E4957B}.Release|Any CPU.Build.0 = Release|Any CPU
		{09A13105-09EB-48DD-B0E8-F8F7A3E4957B}.Release|Any CPU.Deploy.0 = Release|Any CPU
		{09A13105-09EB-48DD-B0E8-F8F7A3E4957B}.Release|iPhone.ActiveCfg = Release|Any CPU
		{09A13105-09EB-48DD-B0E8-F8F7A3E4957B}.Release|iPhone.Build.0 = Release|Any CPU
		{09A13105-09EB-48DD-B0E8-F8F7A3E4957B}.Release|iPhone.Deploy.0 = Release|Any CPU
		{09A13105-09EB-48DD-B0E8-F8F7A3E4957B}.Release|iPhoneSimulator.ActiveCfg = Release|Any CPU
		{09A13105-09EB-48DD-B0E8-F8F7A3E4957B}.Release|iPhoneSimulator.Build.0 = Release|Any CPU
		{09A13105-09EB-48DD-B0E8-F8F7A3E4957B}.Release|iPhoneSimulator.Deploy.0 = Release|Any CPU
		{320DEFF5-124E-4385-95EB-2757E6D72867}.Debug|Any CPU.ActiveCfg = Debug|iPhone
		{320DEFF5-124E-4385-95EB-2757E6D72867}.Debug|Any CPU.Build.0 = Debug|iPhone
		{320DEFF5-124E-4385-95EB-2757E6D72867}.Debug|Any CPU.Deploy.0 = Debug|iPhone
		{320DEFF5-124E-4385-95EB-2757E6D72867}.Debug|iPhone.ActiveCfg = Debug|iPhone
		{320DEFF5-124E-4385-95EB-2757E6D72867}.Debug|iPhone.Build.0 = Debug|iPhone
		{320DEFF5-124E-4385-95EB-2757E6D72867}.Debug|iPhone.Deploy.0 = Debug|iPhone
		{320DEFF5-124E-4385-95EB-2757E6D72867}.Debug|iPhoneSimulator.ActiveCfg = Debug|iPhoneSimulator
		{320DEFF5-124E-4385-95EB-2757E6D72867}.Debug|iPhoneSimulator.Build.0 = Debug|iPhoneSimulator
		{320DEFF5-124E-4385-95EB-2757E6D72867}.Debug|iPhoneSimulator.Deploy.0 = Debug|iPhoneSimulator
		{320DEFF5-124E-4385-95EB-2757E6D72867}.Release|Any CPU.ActiveCfg = Release|iPhoneSimulator
		{320DEFF5-124E-4385-95EB-2757E6D72867}.Release|Any CPU.Build.0 = Release|iPhoneSimulator
		{320DEFF5-124E-4385-95EB-2757E6D72867}.Release|Any CPU.Deploy.0 = Release|iPhoneSimulator
		{320DEFF5-124E-4385-95EB-2757E6D72867}.Release|iPhone.ActiveCfg = Release|iPhone
		{320DEFF5-124E-4385-95EB-2757E6D72867}.Release|iPhone.Build.0 = Release|iPhone
		{320DEFF5-124E-4385-95EB-2757E6D72867}.Release|iPhone.Deploy.0 = Release|iPhone
		{320DEFF5-124E-4385-95EB-2757E6D72867}.Release|iPhoneSimulator.ActiveCfg = Release|iPhoneSimulator
		{320DEFF5-124E-4385-95EB-2757E6D72867}.Release|iPhoneSimulator.Build.0 = Release|iPhoneSimulator
		{320DEFF5-124E-4385-95EB-2757E6D72867}.Release|iPhoneSimulator.Deploy.0 = Release|iPhoneSimulator
		{24E248EF-D433-45EB-9170-36038346C9F2}.Debug|Any CPU.ActiveCfg = Debug|Any CPU
		{24E248EF-D433-45EB-9170-36038346C9F2}.Debug|Any CPU.Build.0 = Debug|Any CPU
		{24E248EF-D433-45EB-9170-36038346C9F2}.Debug|Any CPU.Deploy.0 = Debug|Any CPU
		{24E248EF-D433-45EB-9170-36038346C9F2}.Debug|iPhone.ActiveCfg = Debug|Any CPU
		{24E248EF-D433-45EB-9170-36038346C9F2}.Debug|iPhone.Build.0 = Debug|Any CPU
		{24E248EF-D433-45EB-9170-36038346C9F2}.Debug|iPhone.Deploy.0 = Debug|Any CPU
		{24E248EF-D433-45EB-9170-36038346C9F2}.Debug|iPhoneSimulator.ActiveCfg = Debug|Any CPU
		{24E248EF-D433-45EB-9170-36038346C9F2}.Debug|iPhoneSimulator.Build.0 = Debug|Any CPU
		{24E248EF-D433-45EB-9170-36038346C9F2}.Debug|iPhoneSimulator.Deploy.0 = Debug|Any CPU
		{24E248EF-D433-45EB-9170-36038346C9F2}.Release|Any CPU.ActiveCfg = Release|Any CPU
		{24E248EF-D433-45EB-9170-36038346C9F2}.Release|Any CPU.Build.0 = Release|Any CPU
		{24E248EF-D433-45EB-9170-36038346C9F2}.Release|Any CPU.Deploy.0 = Release|Any CPU
		{24E248EF-D433-45EB-9170-36038346C9F2}.Release|iPhone.ActiveCfg = Release|Any CPU
		{24E248EF-D433-45EB-9170-36038346C9F2}.Release|iPhone.Build.0 = Release|Any CPU
		{24E248EF-D433-45EB-9170-36038346C9F2}.Release|iPhone.Deploy.0 = Release|Any CPU
		{24E248EF-D433-45EB-9170-36038346C9F2}.Release|iPhoneSimulator.ActiveCfg = Release|Any CPU
		{24E248EF-D433-45EB-9170-36038346C9F2}.Release|iPhoneSimulator.Build.0 = Release|Any CPU
		{24E248EF-D433-45EB-9170-36038346C9F2}.Release|iPhoneSimulator.Deploy.0 = Release|Any CPU
	EndGlobalSection
	GlobalSection(SolutionProperties) = preSolution
		HideSolutionNode = FALSE
	EndGlobalSection
	GlobalSection(ExtensibilityGlobals) = postSolution
		SolutionGuid = {9741C162-BFFF-41C9-9809-49846AA5767A}
	EndGlobalSection
EndGlobal
